<?xml version="1.0" encoding="utf-8"?>
<Project ToolsVersion="4.0" xmlns="http://schemas.microsoft.com/developer/msbuild/2003">
  <ItemGroup>
    <Filter Include="Исходные файлы">
      <UniqueIdentifier>{4FC737F1-C7A5-4376-A066-2A32D752A2FF}</UniqueIdentifier>
      <Extensions>cpp;c;cc;cxx;c++;cppm;ixx;def;odl;idl;hpj;bat;asm;asmx</Extensions>
    </Filter>
    <Filter Include="Исходные файлы\lexer">
      <UniqueIdentifier>{e9f31f8c-a77c-49b2-9be7-eac2fb3f9fc5}</UniqueIdentifier>
    </Filter>
    <Filter Include="Исходные файлы\AST">
      <UniqueIdentifier>{db037453-0c0d-4e5b-bed1-75a013135cee}</UniqueIdentifier>
    </Filter>
    <Filter Include="Исходные файлы\exceptions">
      <UniqueIdentifier>{e2b304f2-c165-4f99-a2b6-f42fc126651d}</UniqueIdentifier>
    </Filter>
  </ItemGroup>
  <ItemGroup>
    <ClCompile Include="src\main.cpp">
      <Filter>Исходные файлы</Filter>
    </ClCompile>
    <ClCompile Include="src\lexer\Lexer.cpp">
      <Filter>Исходные файлы\lexer</Filter>
    </ClCompile>
    <ClCompile Include="src\exceptions\Error.cpp">
      <Filter>Исходные файлы\exceptions</Filter>
    </ClCompile>
    <ClCompile Include="src\exceptions\LexerExceptions.cpp">
      <Filter>Исходные файлы\exceptions</Filter>
    </ClCompile>
    <ClCompile Include="src\AST\AST.cpp">
      <Filter>Исходные файлы\AST</Filter>
    </ClCompile>
    <ClCompile Include="src\AST\Statement.cpp">
      <Filter>Исходные файлы\AST</Filter>
    </ClCompile>
  </ItemGroup>
  <ItemGroup>
    <ClInclude Include="src\lexer\Lexer.hpp">
      <Filter>Исходные файлы\lexer</Filter>
    </ClInclude>
    <ClInclude Include="src\lexer\Token.hpp">
      <Filter>Исходные файлы\lexer</Filter>
    </ClInclude>
    <ClInclude Include="src\lexer\TokenType.hpp">
      <Filter>Исходные файлы\lexer</Filter>
    </ClInclude>
    <ClInclude Include="src\exceptions\Error.hpp">
      <Filter>Исходные файлы\exceptions</Filter>
    </ClInclude>
    <ClInclude Include="src\exceptions\LexerExceptions.hpp">
      <Filter>Исходные файлы\exceptions</Filter>
    </ClInclude>
    <ClInclude Include="src\AST\AST.hpp">
      <Filter>Исходные файлы\AST</Filter>
    </ClInclude>
    <ClInclude Include="src\AST\Statement.hpp">
      <Filter>Исходные файлы\AST</Filter>
    </ClInclude>
  </ItemGroup>
  <ItemGroup>
    <None Include="src\tests\main.ppl">
      <Filter>Исходные файлы</Filter>
    </None>
  </ItemGroup>
</Project>